NeoBundleLock Antares 6f2f37d2e43759aee90256dddc756387fe35dc6a
NeoBundleLock Apprentice 2965403808c08a37d9684f15ef604e2e8821384b
NeoBundleLock current-func-info.vim f8ad3f240c5cca88100dad80e788d3a50b06a5f1
NeoBundleLock lexima.vim 85cfff9f7d16bd1ad76fcfedca6ab4982af6ba9d
NeoBundleLock molokai c67bdfcdb31415aa0ade7f8c003261700a885476
NeoBundleLock neocomplete 970cba438d3baf8239ccaaf53105bf880732507f
NeoBundleLock neosnippet 0e829d51b1342eb34cd07d2a15f0e49ebe4a5335
NeoBundleLock neosnippet-snippets 63c9182d34a618f8dfc22d7c2a3f4ffe3d7101ef
NeoBundleLock nerdtree 5782b228e495c733af4ba2e547e5dc44ebc8bc25
NeoBundleLock taglist.vim 53041fbc45398a9af631a20657e109707a455339
NeoBundleLock tender.vim 6b0497a59233b3e67fb528a498069eb1d24743f9
NeoBundleLock unite-outline 962aaa61d5585634c15c3a7071df7c6a12c5e3cd
NeoBundleLock unite.vim ad15f96365b5cb43a45d0ca779df6a497f954f15
NeoBundleLock vim-airline c7fb175d3565159699885653767214a6aa583ea4
NeoBundleLock vim-brightest 717682eda87a4b9a19720b01ef5b09c339e3412c
NeoBundleLock vim-fugitive a9100fafb8c6deb187ee1cfaa37a4a02018d6c9a
NeoBundleLock vim-perl 4e75c3e3766da7294061f9bef6949e89087f821f
NeoBundleLock vim-quickrun 13e60587a503620bd7d0dd1b822c29e18350e461
NeoBundleLock vim-tags e75dea76e488d9208ed73c53c46a4abee2695115
NeoBundleLock vimproc.vim 03a38f283ca9e15784e8fea84e8afc5d633b9639
NeoBundleLock vimshell.vim d0c5bef010237855b4de25863bc54895effe5d7a
